// !$*UTF8*$!
{
	archiveVersion = 1;
	classes = {
	};
	objectVersion = 77;
	objects = {

/* Begin PBXContainerItemProxy section */
		A99F14442DE8749F0097DBD7 /* PBXContainerItemProxy */ = {
			isa = PBXContainerItemProxy;
			containerPortal = A99F142D2DE8749D0097DBD7 /* Project object */;
			proxyType = 1;
			remoteGlobalIDString = A99F14342DE8749D0097DBD7;
			remoteInfo = "Panda Log";
		};
		A99F144E2DE8749F0097DBD7 /* PBXContainerItemProxy */ = {
			isa = PBXContainerItemProxy;
			containerPortal = A99F142D2DE8749D0097DBD7 /* Project object */;
			proxyType = 1;
			remoteGlobalIDString = A99F14342DE8749D0097DBD7;
			remoteInfo = "Panda Log";
		};
/* End PBXContainerItemProxy section */

/* Begin PBXFileReference section */
		A99F14352DE8749D0097DBD7 /* Panda Log.app */ = {isa = PBXFileReference; explicitFileType = wrapper.application; includeInIndex = 0; path = "Panda Log.app"; sourceTree = BUILT_PRODUCTS_DIR; };
		A99F14432DE8749F0097DBD7 /* Panda LogTests.xctest */ = {isa = PBXFileReference; explicitFileType = wrapper.cfbundle; includeInIndex = 0; path = "Panda LogTests.xctest"; sourceTree = BUILT_PRODUCTS_DIR; };
		A99F144D2DE8749F0097DBD7 /* Panda LogUITests.xctest */ = {isa = PBXFileReference; explicitFileType = wrapper.cfbundle; includeInIndex = 0; path = "Panda LogUITests.xctest"; sourceTree = BUILT_PRODUCTS_DIR; };
/* End PBXFileReference section */

/* Begin PBXFileSystemSynchronizedRootGroup section */
		A99F14372DE8749D0097DBD7 /* Panda Log */ = {
			isa = PBXFileSystemSynchronizedRootGroup;
			path = "Panda Log";
			sourceTree = "<group>";
		};
		A99F14462DE8749F0097DBD7 /* Panda LogTests */ = {
			isa = PBXFileSystemSynchronizedRootGroup;
			path = "Panda LogTests";
			sourceTree = "<group>";
		};
		A99F14502DE8749F0097DBD7 /* Panda LogUITests */ = {
			isa = PBXFileSystemSynchronizedRootGroup;
			path = "Panda LogUITests";
			sourceTree = "<group>";
		};
/* End PBXFileSystemSynchronizedRootGroup section */

/* Begin PBXFrameworksBuildPhase section */
		A99F14322DE8749D0097DBD7 /* Frameworks */ = {
			isa = PBXFrameworksBuildPhase;
			buildActionMask = 2147483647;
			files = (
			);
			runOnlyForDeploymentPostprocessing = 0;
		};
		A99F14402DE8749F0097DBD7 /* Frameworks */ = {
			isa = PBXFrameworksBuildPhase;
			buildActionMask = 2147483647;
			files = (
			);
			runOnlyForDeploymentPostprocessing = 0;
		};
		A99F144A2DE8749F0097DBD7 /* Frameworks */ = {
			isa = PBXFrameworksBuildPhase;
			buildActionMask = 2147483647;
			files = (
			);
			runOnlyForDeploymentPostprocessing = 0;
		};
/* End PBXFrameworksBuildPhase section */

/* Begin PBXGroup section */
		A99F142C2DE8749D0097DBD7 = {
			isa = PBXGroup;
			children = (
				A99F14372DE8749D0097DBD7 /* Panda Log */,
				A99F14462DE8749F0097DBD7 /* Panda LogTests */,
				A99F14502DE8749F0097DBD7 /* Panda LogUITests */,
				A99F14362DE8749D0097DBD7 /* Products */,
			);
			sourceTree = "<group>";
		};
		A99F14362DE8749D0097DBD7 /* Products */ = {
			isa = PBXGroup;
			children = (
				A99F14352DE8749D0097DBD7 /* Panda Log.app */,
				A99F14432DE8749F0097DBD7 /* Panda LogTests.xctest */,
				A99F144D2DE8749F0097DBD7 /* Panda LogUITests.xctest */,
			);
			name = Products;
			sourceTree = "<group>";
		};
/* End PBXGroup section */

/* Begin PBXNativeTarget section */
		A99F14342DE8749D0097DBD7 /* Panda Log */ = {
			isa = PBXNativeTarget;
			buildConfigurationList = A99F14572DE8749F0097DBD7 /* Build configuration list for PBXNativeTarget "Panda Log" */;
			buildPhases = (
				A99F14312DE8749D0097DBD7 /* Sources */,
				A99F14322DE8749D0097DBD7 /* Frameworks */,
				A99F14332DE8749D0097DBD7 /* Resources */,
			);
			buildRules = (
			);
			dependencies = (
			);
			fileSystemSynchronizedGroups = (
				A99F14372DE8749D0097DBD7 /* Panda Log */,
			);
			name = "Panda Log";
			packageProductDependencies = (
			);
			productName = "Panda Log";
			productReference = A99F14352DE8749D0097DBD7 /* Panda Log.app */;
			productType = "com.apple.product-type.application";
		};
		A99F14422DE8749F0097DBD7 /* Panda LogTests */ = {
			isa = PBXNativeTarget;
			buildConfigurationList = A99F145A2DE8749F0097DBD7 /* Build configuration list for PBXNativeTarget "Panda LogTests" */;
			buildPhases = (
				A99F143F2DE8749F0097DBD7 /* Sources */,
				A99F14402DE8749F0097DBD7 /* Frameworks */,
				A99F14412DE8749F0097DBD7 /* Resources */,
			);
			buildRules = (
			);
			dependencies = (
				A99F14452DE8749F0097DBD7 /* PBXTargetDependency */,
			);
			fileSystemSynchronizedGroups = (
				A99F14462DE8749F0097DBD7 /* Panda LogTests */,
			);
			name = "Panda LogTests";
			packageProductDependencies = (
			);
			productName = "Panda LogTests";
			productReference = A99F14432DE8749F0097DBD7 /* Panda LogTests.xctest */;
			productType = "com.apple.product-type.bundle.unit-test";
		};
		A99F144C2DE8749F0097DBD7 /* Panda LogUITests */ = {
			isa = PBXNativeTarget;
			buildConfigurationList = A99F145D2DE8749F0097DBD7 /* Build configuration list for PBXNativeTarget "Panda LogUITests" */;
			buildPhases = (
				A99F14492DE8749F0097DBD7 /* Sources */,
				A99F144A2DE8749F0097DBD7 /* Frameworks */,
				A99F144B2DE8749F0097DBD7 /* Resources */,
			);
			buildRules = (
			);
			dependencies = (
				A99F144F2DE8749F0097DBD7 /* PBXTargetDependency */,
			);
			fileSystemSynchronizedGroups = (
				A99F14502DE8749F0097DBD7 /* Panda LogUITests */,
			);
			name = "Panda LogUITests";
			packageProductDependencies = (
			);
			productName = "Panda LogUITests";
			productReference = A99F144D2DE8749F0097DBD7 /* Panda LogUITests.xctest */;
			productType = "com.apple.product-type.bundle.ui-testing";
		};
/* End PBXNativeTarget section */

/* Begin PBXProject section */
		A99F142D2DE8749D0097DBD7 /* Project object */ = {
			isa = PBXProject;
			attributes = {
				BuildIndependentTargetsInParallel = 1;
				LastSwiftUpdateCheck = 1640;
				LastUpgradeCheck = 1640;
				TargetAttributes = {
					A99F14342DE8749D0097DBD7 = {
						CreatedOnToolsVersion = 16.4;
					};
					A99F14422DE8749F0097DBD7 = {
						CreatedOnToolsVersion = 16.4;
						TestTargetID = A99F14342DE8749D0097DBD7;
					};
					A99F144C2DE8749F0097DBD7 = {
						CreatedOnToolsVersion = 16.4;
						TestTargetID = A99F14342DE8749D0097DBD7;
					};
				};
			};
			buildConfigurationList = A99F14302DE8749D0097DBD7 /* Build configuration list for PBXProject "Panda Log" */;
			developmentRegion = en;
			hasScannedForEncodings = 0;
			knownRegions = (
				en,
				Base,
			);
			mainGroup = A99F142C2DE8749D0097DBD7;
			minimizedProjectReferenceProxies = 1;
			preferredProjectObjectVersion = 77;
			productRefGroup = A99F14362DE8749D0097DBD7 /* Products */;
			projectDirPath = "";
			projectRoot = "";
			targets = (
				A99F14342DE8749D0097DBD7 /* Panda Log */,
				A99F14422DE8749F0097DBD7 /* Panda LogTests */,
				A99F144C2DE8749F0097DBD7 /* Panda LogUITests */,
			);
		};
/* End PBXProject section */

/* Begin PBXResourcesBuildPhase section */
		A99F14332DE8749D0097DBD7 /* Resources */ = {
			isa = PBXResourcesBuildPhase;
			buildActionMask = 2147483647;
			files = (
			);
			runOnlyForDeploymentPostprocessing = 0;
		};
		A99F14412DE8749F0097DBD7 /* Resources */ = {
			isa = PBXResourcesBuildPhase;
			buildActionMask = 2147483647;
			files = (
			);
			runOnlyForDeploymentPostprocessing = 0;
		};
		A99F144B2DE8749F0097DBD7 /* Resources */ = {
			isa = PBXResourcesBuildPhase;
			buildActionMask = 2147483647;
			files = (
			);
			runOnlyForDeploymentPostprocessing = 0;
		};
/* End PBXResourcesBuildPhase section */

/* Begin PBXSourcesBuildPhase section */
		A99F14312DE8749D0097DBD7 /* Sources */ = {
			isa = PBXSourcesBuildPhase;
			buildActionMask = 2147483647;
			files = (
			);
			runOnlyForDeploymentPostprocessing = 0;
		};
		A99F143F2DE8749F0097DBD7 /* Sources */ = {
			isa = PBXSourcesBuildPhase;
			buildActionMask = 2147483647;
			files = (
			);
			runOnlyForDeploymentPostprocessing = 0;
		};
		A99F14492DE8749F0097DBD7 /* Sources */ = {
			isa = PBXSourcesBuildPhase;
			buildActionMask = 2147483647;
			files = (
			);
			runOnlyForDeploymentPostprocessing = 0;
		};
/* End PBXSourcesBuildPhase section */

/* Begin PBXTargetDependency section */
		A99F14452DE8749F0097DBD7 /* PBXTargetDependency */ = {
			isa = PBXTargetDependency;
			target = A99F14342DE8749D0097DBD7 /* Panda Log */;
			targetProxy = A99F14442DE8749F0097DBD7 /* PBXContainerItemProxy */;
		};
		A99F144F2DE8749F0097DBD7 /* PBXTargetDependency */ = {
			isa = PBXTargetDependency;
			target = A99F14342DE8749D0097DBD7 /* Panda Log */;
			targetProxy = A99F144E2DE8749F0097DBD7 /* PBXContainerItemProxy */;
		};
/* End PBXTargetDependency section */

/* Begin XCBuildConfiguration section */
		A99F14552DE8749F0097DBD7 /* Debug */ = {
			isa = XCBuildConfiguration;
			buildSettings = {
				ALWAYS_SEARCH_USER_PATHS = NO;
				ASSETCATALOG_COMPILER_GENERATE_SWIFT_ASSET_SYMBOL_EXTENSIONS = YES;
				CLANG_ANALYZER_NONNULL = YES;
				CLANG_ANALYZER_NUMBER_OBJECT_CONVERSION = YES_AGGRESSIVE;
				CLANG_CXX_LANGUAGE_STANDARD = "gnu++20";
				CLANG_ENABLE_MODULES = YES;
				CLANG_ENABLE_OBJC_ARC = YES;
				CLANG_ENABLE_OBJC_WEAK = YES;
				CLANG_WARN_BLOCK_CAPTURE_AUTORELEASING = YES;
				CLANG_WARN_BOOL_CONVERSION = YES;
				CLANG_WARN_COMMA = YES;
				CLANG_WARN_CONSTANT_CONVERSION = YES;
				CLANG_WARN_DEPRECATED_OBJC_IMPLEMENTATIONS = YES;
				CLANG_WARN_DIRECT_OBJC_ISA_USAGE = YES_ERROR;
				CLANG_WARN_DOCUMENTATION_COMMENTS = YES;
				CLANG_WARN_EMPTY_BODY = YES;
				CLANG_WARN_ENUM_CONVERSION = YES;
				CLANG_WARN_INFINITE_RECURSION = YES;
				CLANG_WARN_INT_CONVERSION = YES;
				CLANG_WARN_NON_LITERAL_NULL_CONVERSION = YES;
				CLANG_WARN_OBJC_IMPLICIT_RETAIN_SELF = YES;
				CLANG_WARN_OBJC_LITERAL_CONVERSION = YES;
				CLANG_WARN_OBJC_ROOT_CLASS = YES_ERROR;
				CLANG_WARN_QUOTED_INCLUDE_IN_FRAMEWORK_HEADER = YES;
				CLANG_WARN_RANGE_LOOP_ANALYSIS = YES;
				CLANG_WARN_STRICT_PROTOTYPES = YES;
				CLANG_WARN_SUSPICIOUS_MOVE = YES;
				CLANG_WARN_UNGUARDED_AVAILABILITY = YES_AGGRESSIVE;
				CLANG_WARN_UNREACHABLE_CODE = YES;
				CLANG_WARN__DUPLICATE_METHOD_MATCH = YES;
				COPY_PHASE_STRIP = NO;
				DEBUG_INFORMATION_FORMAT = dwarf;
				ENABLE_STRICT_OBJC_MSGSEND = YES;
				ENABLE_TESTABILITY = YES;
				ENABLE_USER_SCRIPT_SANDBOXING = YES;
				GCC_C_LANGUAGE_STANDARD = gnu17;
				GCC_DYNAMIC_NO_PIC = NO;
				GCC_NO_COMMON_BLOCKS = YES;
				GCC_OPTIMIZATION_LEVEL = 0;
				GCC_PREPROCESSOR_DEFINITIONS = (
					"DEBUG=1",
					"$(inherited)",
				);
				GCC_WARN_64_TO_32_BIT_CONVERSION = YES;
				GCC_WARN_ABOUT_RETURN_TYPE = YES_ERROR;
				GCC_WARN_UNDECLARED_SELECTOR = YES;
				GCC_WARN_UNINITIALIZED_AUTOS = YES_AGGRESSIVE;
				GCC_WARN_UNUSED_FUNCTION = YES;
				GCC_WARN_UNUSED_VARIABLE = YES;
				LOCALIZATION_PREFERS_STRING_CATALOGS = YES;
				MACOSX_DEPLOYMENT_TARGET = 15.5;
				MTL_ENABLE_DEBUG_INFO = INCLUDE_SOURCE;
				MTL_FAST_MATH = YES;
				ONLY_ACTIVE_ARCH = YES;
				SDKROOT = macosx;
				SWIFT_ACTIVE_COMPILATION_CONDITIONS = "DEBUG $(inherited)";
				SWIFT_OPTIMIZATION_LEVEL = "-Onone";
			};
			name = Debug;
		};
		A99F14562DE8749F0097DBD7 /* Release */ = {
			isa = XCBuildConfiguration;
			buildSettings = {
				ALWAYS_SEARCH_USER_PATHS = NO;
				ASSETCATALOG_COMPILER_GENERATE_SWIFT_ASSET_SYMBOL_EXTENSIONS = YES;
				CLANG_ANALYZER_NONNULL = YES;
				CLANG_ANALYZER_NUMBER_OBJECT_CONVERSION = YES_AGGRESSIVE;
				CLANG_CXX_LANGUAGE_STANDARD = "gnu++20";
				CLANG_ENABLE_MODULES = YES;
				CLANG_ENABLE_OBJC_ARC = YES;
				CLANG_ENABLE_OBJC_WEAK = YES;
				CLANG_WARN_BLOCK_CAPTURE_AUTORELEASING = YES;
				CLANG_WARN_BOOL_CONVERSION = YES;
				CLANG_WARN_COMMA = YES;
				CLANG_WARN_CONSTANT_CONVERSION = YES;
				CLANG_WARN_DEPRECATED_OBJC_IMPLEMENTATIONS = YES;
				CLANG_WARN_DIRECT_OBJC_ISA_USAGE = YES_ERROR;
				CLANG_WARN_DOCUMENTATION_COMMENTS = YES;
				CLANG_WARN_EMPTY_BODY = YES;
				CLANG_WARN_ENUM_CONVERSION = YES;
				CLANG_WARN_INFINITE_RECURSION = YES;
				CLANG_WARN_INT_CONVERSION = YES;
				CLANG_WARN_NON_LITERAL_NULL_CONVERSION = YES;
				CLANG_WARN_OBJC_IMPLICIT_RETAIN_SELF = YES;
				CLANG_WARN_OBJC_LITERAL_CONVERSION = YES;
				CLANG_WARN_OBJC_ROOT_CLASS = YES_ERROR;
				CLANG_WARN_QUOTED_INCLUDE_IN_FRAMEWORK_HEADER = YES;
				CLANG_WARN_RANGE_LOOP_ANALYSIS = YES;
				CLANG_WARN_STRICT_PROTOTYPES = YES;
				CLANG_WARN_SUSPICIOUS_MOVE = YES;
				CLANG_WARN_UNGUARDED_AVAILABILITY = YES_AGGRESSIVE;
				CLANG_WARN_UNREACHABLE_CODE = YES;
				CLANG_WARN__DUPLICATE_METHOD_MATCH = YES;
				COPY_PHASE_STRIP = NO;
				DEBUG_INFORMATION_FORMAT = "dwarf-with-dsym";
				ENABLE_NS_ASSERTIONS = NO;
				ENABLE_STRICT_OBJC_MSGSEND = YES;
				ENABLE_USER_SCRIPT_SANDBOXING = YES;
				GCC_C_LANGUAGE_STANDARD = gnu17;
				GCC_NO_COMMON_BLOCKS = YES;
				GCC_WARN_64_TO_32_BIT_CONVERSION = YES;
				GCC_WARN_ABOUT_RETURN_TYPE = YES_ERROR;
				GCC_WARN_UNDECLARED_SELECTOR = YES;
				GCC_WARN_UNINITIALIZED_AUTOS = YES_AGGRESSIVE;
				GCC_WARN_UNUSED_FUNCTION = YES;
				GCC_WARN_UNUSED_VARIABLE = YES;
				LOCALIZATION_PREFERS_STRING_CATALOGS = YES;
				MACOSX_DEPLOYMENT_TARGET = 15.5;
				MTL_ENABLE_DEBUG_INFO = NO;
				MTL_FAST_MATH = YES;
				SDKROOT = macosx;
				SWIFT_COMPILATION_MODE = wholemodule;
			};
			name = Release;
		};
		A99F14582DE8749F0097DBD7 /* Debug */ = {
			isa = XCBuildConfiguration;
			buildSettings = {
				ASSETCATALOG_COMPILER_APPICON_NAME = AppIcon;
				ASSETCATALOG_COMPILER_GLOBAL_ACCENT_COLOR_NAME = AccentColor;
				ASSETCATALOG_COMPILER_INCLUDE_ALL_APPICON_ASSETS = YES;
				CODE_SIGN_ENTITLEMENTS = "Panda Log/Panda_Log.entitlements";
				CODE_SIGN_STYLE = Automatic;
				COMBINE_HIDPI_IMAGES = YES;
				CURRENT_PROJECT_VERSION = 1;
				ENABLE_PREVIEWS = YES;
				GENERATE_INFOPLIST_FILE = YES;
				INFOPLIST_KEY_CFBundleDisplayName = "Panda Log";
				INFOPLIST_KEY_LSApplicationCategoryType = "public.app-category.developer-tools";
				INFOPLIST_KEY_NSHumanReadableCopyright = "";
				LD_RUNPATH_SEARCH_PATHS = (
					"$(inherited)",
					"@executable_path/../Frameworks",
				);
				MARKETING_VERSION = 1.0;
				PRODUCT_BUNDLE_IDENTIFIER = "bygeorge.io.Panda-Log";
				PRODUCT_NAME = "$(TARGET_NAME)";
				REGISTER_APP_GROUPS = YES;
				SWIFT_EMIT_LOC_STRINGS = YES;
				SWIFT_VERSION = 5.0;
			};
			name = Debug;
		};
		A99F14592DE8749F0097DBD7 /* Release */ = {
			isa = XCBuildConfiguration;
			buildSettings = {
				ASSETCATALOG_COMPILER_APPICON_NAME = AppIcon;
				ASSETCATALOG_COMPILER_GLOBAL_ACCENT_COLOR_NAME = AccentColor;
				ASSETCATALOG_COMPILER_INCLUDE_ALL_APPICON_ASSETS = YES;
				CODE_SIGN_ENTITLEMENTS = "Panda Log/Panda_Log.entitlements";
				CODE_SIGN_STYLE = Automatic;
				COMBINE_HIDPI_IMAGES = YES;
				CURRENT_PROJECT_VERSION = 1;
				ENABLE_PREVIEWS = YES;
				GENERATE_INFOPLIST_FILE = YES;
				INFOPLIST_KEY_CFBundleDisplayName = "Panda Log";
				INFOPLIST_KEY_LSApplicationCategoryType = "public.app-category.developer-tools";
				INFOPLIST_KEY_NSHumanReadableCopyright = "";
				LD_RUNPATH_SEARCH_PATHS = (
					"$(inherited)",
					"@executable_path/../Frameworks",
				);
				MARKETING_VERSION = 1.0;
				PRODUCT_BUNDLE_IDENTIFIER = "bygeorge.io.Panda-Log";
				PRODUCT_NAME = "$(TARGET_NAME)";
				REGISTER_APP_GROUPS = YES;
				SWIFT_EMIT_LOC_STRINGS = YES;
				SWIFT_VERSION = 5.0;
			};
			name = Release;
		};
		A99F145B2DE8749F0097DBD7 /* Debug */ = {
			isa = XCBuildConfiguration;
			buildSettings = {
				BUNDLE_LOADER = "$(TEST_HOST)";
				CODE_SIGN_STYLE = Automatic;
				CURRENT_PROJECT_VERSION = 1;
				GENERATE_INFOPLIST_FILE = YES;
				MACOSX_DEPLOYMENT_TARGET = 15.5;
				MARKETING_VERSION = 1.0;
				PRODUCT_BUNDLE_IDENTIFIER = "bygeorge.io.Panda-LogTests";
				PRODUCT_NAME = "$(TARGET_NAME)";
				SWIFT_EMIT_LOC_STRINGS = NO;
				SWIFT_VERSION = 5.0;
				TEST_HOST = "$(BUILT_PRODUCTS_DIR)/Panda Log.app/$(BUNDLE_EXECUTABLE_FOLDER_PATH)/Panda Log";
			};
			name = Debug;
		};
		A99F145C2DE8749F0097DBD7 /* Release */ = {
			isa = XCBuildConfiguration;
			buildSettings = {
				BUNDLE_LOADER = "$(TEST_HOST)";
				CODE_SIGN_STYLE = Automatic;
				CURRENT_PROJECT_VERSION = 1;
				GENERATE_INFOPLIST_FILE = YES;
				MACOSX_DEPLOYMENT_TARGET = 15.5;
				MARKETING_VERSION = 1.0;
				PRODUCT_BUNDLE_IDENTIFIER = "bygeorge.io.Panda-LogTests";
				PRODUCT_NAME = "$(TARGET_NAME)";
				SWIFT_EMIT_LOC_STRINGS = NO;
				SWIFT_VERSION = 5.0;
				TEST_HOST = "$(BUILT_PRODUCTS_DIR)/Panda Log.app/$(BUNDLE_EXECUTABLE_FOLDER_PATH)/Panda Log";
			};
			name = Release;
		};
		A99F145E2DE8749F0097DBD7 /* Debug */ = {
			isa = XCBuildConfiguration;
			buildSettings = {
				CODE_SIGN_STYLE = Automatic;
				CURRENT_PROJECT_VERSION = 1;
				GENERATE_INFOPLIST_FILE = YES;
				MARKETING_VERSION = 1.0;
				PRODUCT_BUNDLE_IDENTIFIER = "bygeorge.io.Panda-LogUITests";
				PRODUCT_NAME = "$(TARGET_NAME)";
				SWIFT_EMIT_LOC_STRINGS = NO;
				SWIFT_VERSION = 5.0;
				TEST_TARGET_NAME = "Panda Log";
			};
			name = Debug;
		};
		A99F145F2DE8749F0097DBD7 /* Release */ = {
			isa = XCBuildConfiguration;
			buildSettings = {
				CODE_SIGN_STYLE = Automatic;
				CURRENT_PROJECT_VERSION = 1;
				GENERATE_INFOPLIST_FILE = YES;
				MARKETING_VERSION = 1.0;
				PRODUCT_BUNDLE_IDENTIFIER = "bygeorge.io.Panda-LogUITests";
				PRODUCT_NAME = "$(TARGET_NAME)";
				SWIFT_EMIT_LOC_STRINGS = NO;
				SWIFT_VERSION = 5.0;
				TEST_TARGET_NAME = "Panda Log";
			};
			name = Release;
		};
/* End XCBuildConfiguration section */

/* Begin XCConfigurationList section */
		A99F14302DE8749D0097DBD7 /* Build configuration list for PBXProject "Panda Log" */ = {
			isa = XCConfigurationList;
			buildConfigurations = (
				A99F14552DE8749F0097DBD7 /* Debug */,
				A99F14562DE8749F0097DBD7 /* Release */,
			);
			defaultConfigurationIsVisible = 0;
			defaultConfigurationName = Release;
		};
		A99F14572DE8749F0097DBD7 /* Build configuration list for PBXNativeTarget "Panda Log" */ = {
			isa = XCConfigurationList;
			buildConfigurations = (
				A99F14582DE8749F0097DBD7 /* Debug */,
				A99F14592DE8749F0097DBD7 /* Release */,
			);
			defaultConfigurationIsVisible = 0;
			defaultConfigurationName = Release;
		};
		A99F145A2DE8749F0097DBD7 /* Build configuration list for PBXNativeTarget "Panda LogTests" */ = {
			isa = XCConfigurationList;
			buildConfigurations = (
				A99F145B2DE8749F0097DBD7 /* Debug */,
				A99F145C2DE8749F0097DBD7 /* Release */,
			);
			defaultConfigurationIsVisible = 0;
			defaultConfigurationName = Release;
		};
		A99F145D2DE8749F0097DBD7 /* Build configuration list for PBXNativeTarget "Panda LogUITests" */ = {
			isa = XCConfigurationList;
			buildConfigurations = (
				A99F145E2DE8749F0097DBD7 /* Debug */,
				A99F145F2DE8749F0097DBD7 /* Release */,
			);
			defaultConfigurationIsVisible = 0;
			defaultConfigurationName = Release;
		};
/* End XCConfigurationList section */
	};
	rootObject = A99F142D2DE8749D0097DBD7 /* Project object */;
}
